
Microsoft Visual Studio Solution File, Format Version 12.00
# Visual Studio Version 17
VisualStudioVersion = 17.1.32328.378
MinimumVisualStudioVersion = 10.0.40219.1
Project("{9A19103F-16F7-4668-BE54-9A1E7A4F7556}") = "BudgetMVC", "BudgetMVC.csproj", "{FF063998-6BC6-48D0-9EA2-B692E6B452EF}"
EndProject
Global
	GlobalSection(SolutionConfigurationPlatforms) = preSolution
		Debug|Any CPU = Debug|Any CPU
		Release|Any CPU = Release|Any CPU
	EndGlobalSection
	GlobalSection(ProjectConfigurationPlatforms) = postSolution
		{FF063998-6BC6-48D0-9EA2-B692E6B452EF}.Debug|Any CPU.ActiveCfg = Debug|Any CPU
		{FF063998-6BC6-48D0-9EA2-B692E6B452EF}.Debug|Any CPU.Build.0 = Debug|Any CPU
		{FF063998-6BC6-48D0-9EA2-B692E6B452EF}.Release|Any CPU.ActiveCfg = Release|Any CPU
		{FF063998-6BC6-48D0-9EA2-B692E6B452EF}.Release|Any CPU.Build.0 = Release|Any CPU
	EndGlobalSection
	GlobalSection(SolutionProperties) = preSolution
		HideSolutionNode = FALSE
	EndGlobalSection
	GlobalSection(ExtensibilityGlobals) = postSolution
		SolutionGuid = {59A5961D-3A41-451C-B6FC-0D309750F90A}
	EndGlobalSection
EndGlobal
